PODS:
  - Gloss (1.2.1)
  - QPXExpressWrapper (0.1.0):
    - Gloss (~> 1.2)

DEPENDENCIES:
  - QPXExpressWrapper (from `../`)

EXTERNAL SOURCES:
  QPXExpressWrapper:
    :path: "../"

SPEC CHECKSUMS:
  Gloss: 9ab33b8ede01e4232571d43a6bf9259b85d1de69
  QPXExpressWrapper: 605547b46e93854c4b93f0a3e7d7aec51263c845

PODFILE CHECKSUM: d6d098636f8fca63a2747cea646566f37b58f230

COCOAPODS: 1.2.0
